
Microsoft Visual Studio Solution File, Format Version 12.00
# Visual Studio Version 16
VisualStudioVersion = 16.0.31205.134
MinimumVisualStudioVersion = 10.0.40219.1
Project("{9A19103F-16F7-4668-BE54-9A1E7A4F7556}") = "Core", "Core\Core.csproj", "{CBFF538A-4A7A-4C36-8597-F8B96CDF57DC}"
EndProject
Project("{9A19103F-16F7-4668-BE54-9A1E7A4F7556}") = "Repository", "Repository\Repository.csproj", "{0184F583-5AAB-45BA-BE76-F86C9098483D}"
EndProject
Project("{9A19103F-16F7-4668-BE54-9A1E7A4F7556}") = "Services", "Services\Services.csproj", "{E7EC0D8E-67A1-4876-B4F3-C9BA7D9A2D70}"
EndProject
Project("{9A19103F-16F7-4668-BE54-9A1E7A4F7556}") = "WebApi", "WebApi\WebApi.csproj", "{C9E0B4A8-3EEF-43F2-B29A-A124DA8FDBDC}"
EndProject
Project("{9A19103F-16F7-4668-BE54-9A1E7A4F7556}") = "Tests.UnitTests", "Tests.UnitTests\Tests.UnitTests.csproj", "{FF611A89-D017-4713-9B7D-47B970C841AB}"
EndProject
Project("{FAE04EC0-301F-11D3-BF4B-00C04F79EFBC}") = "Tests.IntegrationTests", "Tests.IntegrationTests\Tests.IntegrationTests.csproj", "{0CE09440-25ED-42C3-A633-E64C17CE2DC2}"
EndProject
Global
	GlobalSection(SolutionConfigurationPlatforms) = preSolution
		Debug|Any CPU = Debug|Any CPU
		Release|Any CPU = Release|Any CPU
	EndGlobalSection
	GlobalSection(ProjectConfigurationPlatforms) = postSolution
		{CBFF538A-4A7A-4C36-8597-F8B96CDF57DC}.Debug|Any CPU.ActiveCfg = Debug|Any CPU
		{CBFF538A-4A7A-4C36-8597-F8B96CDF57DC}.Debug|Any CPU.Build.0 = Debug|Any CPU
		{CBFF538A-4A7A-4C36-8597-F8B96CDF57DC}.Release|Any CPU.ActiveCfg = Release|Any CPU
		{CBFF538A-4A7A-4C36-8597-F8B96CDF57DC}.Release|Any CPU.Build.0 = Release|Any CPU
		{0184F583-5AAB-45BA-BE76-F86C9098483D}.Debug|Any CPU.ActiveCfg = Debug|Any CPU
		{0184F583-5AAB-45BA-BE76-F86C9098483D}.Debug|Any CPU.Build.0 = Debug|Any CPU
		{0184F583-5AAB-45BA-BE76-F86C9098483D}.Release|Any CPU.ActiveCfg = Release|Any CPU
		{0184F583-5AAB-45BA-BE76-F86C9098483D}.Release|Any CPU.Build.0 = Release|Any CPU
		{E7EC0D8E-67A1-4876-B4F3-C9BA7D9A2D70}.Debug|Any CPU.ActiveCfg = Debug|Any CPU
		{E7EC0D8E-67A1-4876-B4F3-C9BA7D9A2D70}.Debug|Any CPU.Build.0 = Debug|Any CPU
		{E7EC0D8E-67A1-4876-B4F3-C9BA7D9A2D70}.Release|Any CPU.ActiveCfg = Release|Any CPU
		{E7EC0D8E-67A1-4876-B4F3-C9BA7D9A2D70}.Release|Any CPU.Build.0 = Release|Any CPU
		{C9E0B4A8-3EEF-43F2-B29A-A124DA8FDBDC}.Debug|Any CPU.ActiveCfg = Debug|Any CPU
		{C9E0B4A8-3EEF-43F2-B29A-A124DA8FDBDC}.Debug|Any CPU.Build.0 = Debug|Any CPU
		{C9E0B4A8-3EEF-43F2-B29A-A124DA8FDBDC}.Release|Any CPU.ActiveCfg = Release|Any CPU
		{C9E0B4A8-3EEF-43F2-B29A-A124DA8FDBDC}.Release|Any CPU.Build.0 = Release|Any CPU
		{FF611A89-D017-4713-9B7D-47B970C841AB}.Debug|Any CPU.ActiveCfg = Debug|Any CPU
		{FF611A89-D017-4713-9B7D-47B970C841AB}.Debug|Any CPU.Build.0 = Debug|Any CPU
		{FF611A89-D017-4713-9B7D-47B970C841AB}.Release|Any CPU.ActiveCfg = Release|Any CPU
		{FF611A89-D017-4713-9B7D-47B970C841AB}.Release|Any CPU.Build.0 = Release|Any CPU
		{0CE09440-25ED-42C3-A633-E64C17CE2DC2}.Debug|Any CPU.ActiveCfg = Debug|Any CPU
		{0CE09440-25ED-42C3-A633-E64C17CE2DC2}.Debug|Any CPU.Build.0 = Debug|Any CPU
		{0CE09440-25ED-42C3-A633-E64C17CE2DC2}.Release|Any CPU.ActiveCfg = Release|Any CPU
		{0CE09440-25ED-42C3-A633-E64C17CE2DC2}.Release|Any CPU.Build.0 = Release|Any CPU
	EndGlobalSection
	GlobalSection(SolutionProperties) = preSolution
		HideSolutionNode = FALSE
	EndGlobalSection
	GlobalSection(ExtensibilityGlobals) = postSolution
		SolutionGuid = {AD011301-E895-4C59-8BB7-96B39ACF51CE}
	EndGlobalSection
EndGlobal
